
Microsoft Visual Studio Solution File, Format Version 12.00
# Visual Studio Version 17
VisualStudioVersion = 17.1.32421.90
MinimumVisualStudioVersion = 10.0.40219.1
Project("{FAE04EC0-301F-11D3-BF4B-00C04F79EFBC}") = "ReactMvc5", "ReactMvc5\ReactMvc5.csproj", "{3D7DCEF4-C22E-41DA-B8B3-97FE3F4CE8E5}"
EndProject
Global
	GlobalSection(SolutionConfigurationPlatforms) = preSolution
		Debug|Any CPU = Debug|Any CPU
		Release|Any CPU = Release|Any CPU
	EndGlobalSection
	GlobalSection(ProjectConfigurationPlatforms) = postSolution
		{3D7DCEF4-C22E-41DA-B8B3-97FE3F4CE8E5}.Debug|Any CPU.ActiveCfg = Debug|Any CPU
		{3D7DCEF4-C22E-41DA-B8B3-97FE3F4CE8E5}.Debug|Any CPU.Build.0 = Debug|Any CPU
		{3D7DCEF4-C22E-41DA-B8B3-97FE3F4CE8E5}.Release|Any CPU.ActiveCfg = Release|Any CPU
		{3D7DCEF4-C22E-41DA-B8B3-97FE3F4CE8E5}.Release|Any CPU.Build.0 = Release|Any CPU
	EndGlobalSection
	GlobalSection(SolutionProperties) = preSolution
		HideSolutionNode = FALSE
	EndGlobalSection
	GlobalSection(ExtensibilityGlobals) = postSolution
		SolutionGuid = {275A3A05-B3B5-4F4F-92AE-AA5C9E93275E}
	EndGlobalSection
EndGlobal
